
Microsoft Visual Studio Solution File, Format Version 12.00
# Visual Studio Version 17
VisualStudioVersion = 17.5.33414.496
MinimumVisualStudioVersion = 10.0.40219.1
Project("{FAE04EC0-301F-11D3-BF4B-00C04F79EFBC}") = "Microsoft.Extensions.Http.ResilienceExample", "WebApplication2\Microsoft.Extensions.Http.ResilienceExample.csproj", "{93E8D86C-127F-4D60-9312-696E49F7B262}"
EndProject
Global
	GlobalSection(SolutionConfigurationPlatforms) = preSolution
		Debug|Any CPU = Debug|Any CPU
		Release|Any CPU = Release|Any CPU
	EndGlobalSection
	GlobalSection(ProjectConfigurationPlatforms) = postSolution
		{93E8D86C-127F-4D60-9312-696E49F7B262}.Debug|Any CPU.ActiveCfg = Debug|Any CPU
		{93E8D86C-127F-4D60-9312-696E49F7B262}.Debug|Any CPU.Build.0 = Debug|Any CPU
		{93E8D86C-127F-4D60-9312-696E49F7B262}.Release|Any CPU.ActiveCfg = Release|Any CPU
		{93E8D86C-127F-4D60-9312-696E49F7B262}.Release|Any CPU.Build.0 = Release|Any CPU
	EndGlobalSection
	GlobalSection(SolutionProperties) = preSolution
		HideSolutionNode = FALSE
	EndGlobalSection
	GlobalSection(ExtensibilityGlobals) = postSolution
		SolutionGuid = {AF9601CF-E8DC-4F9F-95D2-46025510AA85}
	EndGlobalSection
EndGlobal
